<?xml version="1.0" encoding="utf-8"?>
<Project ToolsVersion="4.0" xmlns="http://schemas.microsoft.com/developer/msbuild/2003">
  <ItemGroup>
    <Filter Include="Source Files">
      <UniqueIdentifier>{4FC737F1-C7A5-4376-A066-2A32D752A2FF}</UniqueIdentifier>
      <Extensions>cpp;c;cc;cxx;def;odl;idl;hpj;bat;asm;asmx</Extensions>
    </Filter>
    <Filter Include="Header Files">
      <UniqueIdentifier>{93995380-89BD-4b04-88EB-625FBE52EBFB}</UniqueIdentifier>
      <Extensions>h;hh;hpp;hxx;hm;inl;inc;ipp;xsd</Extensions>
    </Filter>
    <Filter Include="Resource Files">
      <UniqueIdentifier>{67DA6AB6-F800-4c08-8B7A-83BB121AAD01}</UniqueIdentifier>
      <Extensions>rc;ico;cur;bmp;dlg;rc2;rct;bin;rgs;gif;jpg;jpeg;jpe;resx;tiff;tif;png;wav;mfcribbon-ms</Extensions>
    </Filter>
    <Filter Include="Source Files\skin">
      <UniqueIdentifier>{9e29e566-75ac-4c84-9f17-9fbcf54c7bae}</UniqueIdentifier>
    </Filter>
    <Filter Include="Source Files\BGworkers">
      <UniqueIdentifier>{91947421-152a-4eff-8051-163a3a0eafe0}</UniqueIdentifier>
    </Filter>
    <Filter Include="Header Files\BGWorkers">
      <UniqueIdentifier>{af9d6685-8587-4f41-9ce8-0b8a3e52ea1a}</UniqueIdentifier>
    </Filter>
    <Filter Include="Source Files\json">
      <UniqueIdentifier>{8b9e399a-7f5a-4986-b547-7037767c6555}</UniqueIdentifier>
    </Filter>
    <Filter Include="Header Files\json">
      <UniqueIdentifier>{4a414432-d793-4d29-b0a7-b5effd572e3e}</UniqueIdentifier>
    </Filter>
    <Filter Include="Source Files\xml">
      <UniqueIdentifier>{c35948aa-0b7b-48f7-b428-2d5625b1c385}</UniqueIdentifier>
    </Filter>
  </ItemGroup>
  <ItemGroup>
    <ClInclude Include="stdafx.h">
      <Filter>Header Files</Filter>
    </ClInclude>
    <ClInclude Include="targetver.h">
      <Filter>Header Files</Filter>
    </ClInclude>
    <ClInclude Include="Resource.h">
      <Filter>Header Files</Filter>
    </ClInclude>
    <ClInclude Include="IMClient-Win.h">
      <Filter>Header Files</Filter>
    </ClInclude>
    <ClInclude Include="CMainWnd.h">
      <Filter>Header Files</Filter>
    </ClInclude>
    <ClInclude Include="CLoginWnd.h">
      <Filter>Header Files</Filter>
    </ClInclude>
    <ClInclude Include="CRegistWnd.h">
      <Filter>Header Files</Filter>
    </ClInclude>
    <ClInclude Include="SocketsAPI.h">
      <Filter>Header Files\BGWorkers</Filter>
    </ClInclude>
    <ClInclude Include="NetWorker.h">
      <Filter>Header Files\BGWorkers</Filter>
    </ClInclude>
    <ClInclude Include="jsoncpp\json_tool.h">
      <Filter>Source Files\json</Filter>
    </ClInclude>
    <ClInclude Include="jsoncpp\include\allocator.h">
      <Filter>Header Files\json</Filter>
    </ClInclude>
    <ClInclude Include="jsoncpp\include\assertions.h">
      <Filter>Header Files\json</Filter>
    </ClInclude>
    <ClInclude Include="jsoncpp\include\autolink.h">
      <Filter>Header Files\json</Filter>
    </ClInclude>
    <ClInclude Include="jsoncpp\include\config.h">
      <Filter>Header Files\json</Filter>
    </ClInclude>
    <ClInclude Include="jsoncpp\include\features.h">
      <Filter>Header Files\json</Filter>
    </ClInclude>
    <ClInclude Include="jsoncpp\include\forwards.h">
      <Filter>Header Files\json</Filter>
    </ClInclude>
    <ClInclude Include="jsoncpp\include\json.h">
      <Filter>Header Files\json</Filter>
    </ClInclude>
    <ClInclude Include="jsoncpp\include\reader.h">
      <Filter>Header Files\json</Filter>
    </ClInclude>
    <ClInclude Include="jsoncpp\include\value.h">
      <Filter>Header Files\json</Filter>
    </ClInclude>
    <ClInclude Include="jsoncpp\include\version.h">
      <Filter>Header Files\json</Filter>
    </ClInclude>
    <ClInclude Include="jsoncpp\include\writer.h">
      <Filter>Header Files\json</Filter>
    </ClInclude>
    <ClInclude Include="Utility.h">
      <Filter>Header Files</Filter>
    </ClInclude>
    <ClInclude Include="CUsrInfoWnd.h">
      <Filter>Header Files</Filter>
    </ClInclude>
    <ClInclude Include="ListMenu.h">
      <Filter>Header Files</Filter>
    </ClInclude>
    <ClInclude Include="CFriendInfoWnd.h">
      <Filter>Header Files</Filter>
    </ClInclude>
    <ClInclude Include="Base64.h">
      <Filter>Header Files</Filter>
    </ClInclude>
    <ClInclude Include="tinyxml2\tinyxml2.h">
      <Filter>Source Files\xml</Filter>
    </ClInclude>
  </ItemGroup>
  <ItemGroup>
    <ClCompile Include="stdafx.cpp">
      <Filter>Source Files</Filter>
    </ClCompile>
    <ClCompile Include="IMClient-Win.cpp">
      <Filter>Source Files</Filter>
    </ClCompile>
    <ClCompile Include="CMainWnd.cpp">
      <Filter>Source Files</Filter>
    </ClCompile>
    <ClCompile Include="CLoginWnd.cpp">
      <Filter>Source Files</Filter>
    </ClCompile>
    <ClCompile Include="CRegistWnd.cpp">
      <Filter>Source Files</Filter>
    </ClCompile>
    <ClCompile Include="SocketsAPI.cpp">
      <Filter>Source Files\BGworkers</Filter>
    </ClCompile>
    <ClCompile Include="NetWorker.cpp">
      <Filter>Source Files\BGworkers</Filter>
    </ClCompile>
    <ClCompile Include="jsoncpp\json_reader.cpp">
      <Filter>Source Files\json</Filter>
    </ClCompile>
    <ClCompile Include="jsoncpp\json_value.cpp">
      <Filter>Source Files\json</Filter>
    </ClCompile>
    <ClCompile Include="jsoncpp\json_writer.cpp">
      <Filter>Source Files\json</Filter>
    </ClCompile>
    <ClCompile Include="CUsrInfoWnd.cpp">
      <Filter>Source Files</Filter>
    </ClCompile>
    <ClCompile Include="ListMenu.cpp">
      <Filter>Source Files</Filter>
    </ClCompile>
    <ClCompile Include="CFriendInfoWnd.cpp">
      <Filter>Source Files</Filter>
    </ClCompile>
    <ClCompile Include="Base64.cpp">
      <Filter>Source Files</Filter>
    </ClCompile>
  </ItemGroup>
  <ItemGroup>
    <ResourceCompile Include="IMClient-Win.rc">
      <Filter>Resource Files</Filter>
    </ResourceCompile>
  </ItemGroup>
  <ItemGroup>
    <Image Include="small.ico">
      <Filter>Resource Files</Filter>
    </Image>
    <Image Include="IMClient-Win.ico">
      <Filter>Resource Files</Filter>
    </Image>
  </ItemGroup>
  <ItemGroup>
    <Xml Include="Skin\xml\Login.xml">
      <Filter>Source Files\skin</Filter>
    </Xml>
    <Xml Include="Skin\xml\Regist.xml">
      <Filter>Source Files\skin</Filter>
    </Xml>
    <Xml Include="Skin\xml\MainWnd.xml">
      <Filter>Source Files\skin</Filter>
    </Xml>
    <Xml Include="Skin\xml\FriendInfo.xml">
      <Filter>Source Files\skin</Filter>
    </Xml>
    <Xml Include="Skin\xml\UsrInfo.xml">
      <Filter>Source Files\skin</Filter>
    </Xml>
    <Xml Include="Skin\xml\ListMenu.xml">
      <Filter>Source Files\skin</Filter>
    </Xml>
  </ItemGroup>
</Project>